
Microsoft Visual Studio Solution File, Format Version 12.00
# Visual Studio Version 16
VisualStudioVersion = 16.0.30804.86
MinimumVisualStudioVersion = 10.0.40219.1
Project("{FAE04EC0-301F-11D3-BF4B-00C04F79EFBC}") = "PersonalProject", "PersonalProject\PersonalProject.csproj", "{A8B750B7-A01E-4B89-BB4B-8273C91F7FC1}"
EndProject
Project("{FAE04EC0-301F-11D3-BF4B-00C04F79EFBC}") = "PersonalProjectLibrary", "PersonalProjectLibrary\PersonalProjectLibrary.csproj", "{203E10F3-87A8-4F05-AB9B-5F8631D8D7C4}"
EndProject
Global
	GlobalSection(SolutionConfigurationPlatforms) = preSolution
		Debug|Any CPU = Debug|Any CPU
		Release|Any CPU = Release|Any CPU
	EndGlobalSection
	GlobalSection(ProjectConfigurationPlatforms) = postSolution
		{A8B750B7-A01E-4B89-BB4B-8273C91F7FC1}.Debug|Any CPU.ActiveCfg = Debug|Any CPU
		{A8B750B7-A01E-4B89-BB4B-8273C91F7FC1}.Debug|Any CPU.Build.0 = Debug|Any CPU
		{A8B750B7-A01E-4B89-BB4B-8273C91F7FC1}.Release|Any CPU.ActiveCfg = Release|Any CPU
		{A8B750B7-A01E-4B89-BB4B-8273C91F7FC1}.Release|Any CPU.Build.0 = Release|Any CPU
		{203E10F3-87A8-4F05-AB9B-5F8631D8D7C4}.Debug|Any CPU.ActiveCfg = Debug|Any CPU
		{203E10F3-87A8-4F05-AB9B-5F8631D8D7C4}.Debug|Any CPU.Build.0 = Debug|Any CPU
		{203E10F3-87A8-4F05-AB9B-5F8631D8D7C4}.Release|Any CPU.ActiveCfg = Release|Any CPU
		{203E10F3-87A8-4F05-AB9B-5F8631D8D7C4}.Release|Any CPU.Build.0 = Release|Any CPU
	EndGlobalSection
	GlobalSection(SolutionProperties) = preSolution
		HideSolutionNode = FALSE
	EndGlobalSection
	GlobalSection(ExtensibilityGlobals) = postSolution
		SolutionGuid = {395937A0-59EE-4A11-BB8F-EEA48194739C}
	EndGlobalSection
EndGlobal
